// !$*UTF8*$!
{
	archiveVersion = 1;
	classes = {
	};
	objectVersion = 46;
	objects = {

/* Begin PBXBuildFile section */
		0C8FD86E1CBFCCC900B23A6F /* IGItem.swift in Sources */ = {isa = PBXBuildFile; fileRef = 0C8FD86D1CBFCCC900B23A6F /* IGItem.swift */; };
		0C8FD8701CBFED7B00B23A6F /* IGItemViewController.swift in Sources */ = {isa = PBXBuildFile; fileRef = 0C8FD86F1CBFED7B00B23A6F /* IGItemViewController.swift */; };
		0C9BC3961CBEAAB200F83881 /* AppDelegate.swift in Sources */ = {isa = PBXBuildFile; fileRef = 0C9BC3951CBEAAB200F83881 /* AppDelegate.swift */; };
		0C9BC39D1CBEAAB200F83881 /* Assets.xcassets in Resources */ = {isa = PBXBuildFile; fileRef = 0C9BC39C1CBEAAB200F83881 /* Assets.xcassets */; };
		0C9BC3AA1CBEAB3F00F83881 /* IGViewController.swift in Sources */ = {isa = PBXBuildFile; fileRef = 0C9BC3A91CBEAB3F00F83881 /* IGViewController.swift */; };
		0C9BC3AC1CBEAB6000F83881 /* IGFeedViewController.swift in Sources */ = {isa = PBXBuildFile; fileRef = 0C9BC3AB1CBEAB6000F83881 /* IGFeedViewController.swift */; };
		0CB3D9BB1CBFFE0E007E5263 /* ribbon@2x.png in Resources */ = {isa = PBXBuildFile; fileRef = 0CB3D9BA1CBFFE0E007E5263 /* ribbon@2x.png */; };
		9207F15512693C69D20A87D3 /* Pods_instagram_api.framework in Frameworks */ = {isa = PBXBuildFile; fileRef = C63166BF3572E8DE88CF4208 /* Pods_instagram_api.framework */; };
/* End PBXBuildFile section */

/* Begin PBXFileReference section */
		0A0B477B4B992520B65D1493 /* Pods-instagram-api.release.xcconfig */ = {isa = PBXFileReference; includeInIndex = 1; lastKnownFileType = text.xcconfig; name = "Pods-instagram-api.release.xcconfig"; path = "Pods/Target Support Files/Pods-instagram-api/Pods-instagram-api.release.xcconfig"; sourceTree = "<group>"; };
		0C8FD86D1CBFCCC900B23A6F /* IGItem.swift */ = {isa = PBXFileReference; fileEncoding = 4; lastKnownFileType = sourcecode.swift; path = IGItem.swift; sourceTree = "<group>"; };
		0C8FD86F1CBFED7B00B23A6F /* IGItemViewController.swift */ = {isa = PBXFileReference; fileEncoding = 4; lastKnownFileType = sourcecode.swift; path = IGItemViewController.swift; sourceTree = "<group>"; };
		0C9BC3921CBEAAB200F83881 /* instagram-api.app */ = {isa = PBXFileReference; explicitFileType = wrapper.application; includeInIndex = 0; path = "instagram-api.app"; sourceTree = BUILT_PRODUCTS_DIR; };
		0C9BC3951CBEAAB200F83881 /* AppDelegate.swift */ = {isa = PBXFileReference; lastKnownFileType = sourcecode.swift; path = AppDelegate.swift; sourceTree = "<group>"; };
		0C9BC39C1CBEAAB200F83881 /* Assets.xcassets */ = {isa = PBXFileReference; lastKnownFileType = folder.assetcatalog; path = Assets.xcassets; sourceTree = "<group>"; };
		0C9BC3A11CBEAAB200F83881 /* Info.plist */ = {isa = PBXFileReference; lastKnownFileType = text.plist.xml; path = Info.plist; sourceTree = "<group>"; };
		0C9BC3A91CBEAB3F00F83881 /* IGViewController.swift */ = {isa = PBXFileReference; fileEncoding = 4; lastKnownFileType = sourcecode.swift; path = IGViewController.swift; sourceTree = "<group>"; };
		0C9BC3AB1CBEAB6000F83881 /* IGFeedViewController.swift */ = {isa = PBXFileReference; fileEncoding = 4; lastKnownFileType = sourcecode.swift; path = IGFeedViewController.swift; sourceTree = "<group>"; };
		0CB3D9BA1CBFFE0E007E5263 /* ribbon@2x.png */ = {isa = PBXFileReference; lastKnownFileType = image.png; path = "ribbon@2x.png"; sourceTree = "<group>"; };
		70F82E27BF07699D38E77728 /* Pods-instagram-api.debug.xcconfig */ = {isa = PBXFileReference; includeInIndex = 1; lastKnownFileType = text.xcconfig; name = "Pods-instagram-api.debug.xcconfig"; path = "Pods/Target Support Files/Pods-instagram-api/Pods-instagram-api.debug.xcconfig"; sourceTree = "<group>"; };
		C63166BF3572E8DE88CF4208 /* Pods_instagram_api.framework */ = {isa = PBXFileReference; explicitFileType = wrapper.framework; includeInIndex = 0; path = Pods_instagram_api.framework; sourceTree = BUILT_PRODUCTS_DIR; };
/* End PBXFileReference section */

/* Begin PBXFrameworksBuildPhase section */
		0C9BC38F1CBEAAB200F83881 /* Frameworks */ = {
			isa = PBXFrameworksBuildPhase;
			buildActionMask = 2147483647;
			files = (
				9207F15512693C69D20A87D3 /* Pods_instagram_api.framework in Frameworks */,
			);
			runOnlyForDeploymentPostprocessing = 0;
		};
/* End PBXFrameworksBuildPhase section */

/* Begin PBXGroup section */
		0C8FD86C1CBFCCB800B23A6F /* Models */ = {
			isa = PBXGroup;
			children = (
				0C8FD86D1CBFCCC900B23A6F /* IGItem.swift */,
			);
			path = Models;
			sourceTree = "<group>";
		};
		0C9BC3891CBEAAB200F83881 = {
			isa = PBXGroup;
			children = (
				0C9BC3941CBEAAB200F83881 /* instagram-api */,
				0C9BC3931CBEAAB200F83881 /* Products */,
				55ADB58782CE04E72B1D6B52 /* Pods */,
				3DD0014498B1AC01E5B5087D /* Frameworks */,
			);
			sourceTree = "<group>";
		};
		0C9BC3931CBEAAB200F83881 /* Products */ = {
			isa = PBXGroup;
			children = (
				0C9BC3921CBEAAB200F83881 /* instagram-api.app */,
			);
			name = Products;
			sourceTree = "<group>";
		};
		0C9BC3941CBEAAB200F83881 /* instagram-api */ = {
			isa = PBXGroup;
			children = (
				0CB3D9B71CBFFB6C007E5263 /* Images */,
				0C8FD86C1CBFCCB800B23A6F /* Models */,
				0C9BC3A81CBEAB2C00F83881 /* ViewControllers */,
				0C9BC3A71CBEAB2500F83881 /* BaseClasses */,
				0C9BC3951CBEAAB200F83881 /* AppDelegate.swift */,
				0C9BC39C1CBEAAB200F83881 /* Assets.xcassets */,
				0C9BC3A11CBEAAB200F83881 /* Info.plist */,
			);
			path = "instagram-api";
			sourceTree = "<group>";
		};
		0C9BC3A71CBEAB2500F83881 /* BaseClasses */ = {
			isa = PBXGroup;
			children = (
				0C9BC3A91CBEAB3F00F83881 /* IGViewController.swift */,
			);
			path = BaseClasses;
			sourceTree = "<group>";
		};
		0C9BC3A81CBEAB2C00F83881 /* ViewControllers */ = {
			isa = PBXGroup;
			children = (
				0C9BC3AB1CBEAB6000F83881 /* IGFeedViewController.swift */,
				0C8FD86F1CBFED7B00B23A6F /* IGItemViewController.swift */,
			);
			path = ViewControllers;
			sourceTree = "<group>";
		};
		0CB3D9B71CBFFB6C007E5263 /* Images */ = {
			isa = PBXGroup;
			children = (
				0CB3D9BA1CBFFE0E007E5263 /* ribbon@2x.png */,
			);
			path = Images;
			sourceTree = "<group>";
		};
		3DD0014498B1AC01E5B5087D /* Frameworks */ = {
			isa = PBXGroup;
			children = (
				C63166BF3572E8DE88CF4208 /* Pods_instagram_api.framework */,
			);
			name = Frameworks;
			sourceTree = "<group>";
		};
		55ADB58782CE04E72B1D6B52 /* Pods */ = {
			isa = PBXGroup;
			children = (
				70F82E27BF07699D38E77728 /* Pods-instagram-api.debug.xcconfig */,
				0A0B477B4B992520B65D1493 /* Pods-instagram-api.release.xcconfig */,
			);
			name = Pods;
			sourceTree = "<group>";
		};
/* End PBXGroup section */

/* Begin PBXNativeTarget section */
		0C9BC3911CBEAAB200F83881 /* instagram-api */ = {
			isa = PBXNativeTarget;
			buildConfigurationList = 0C9BC3A41CBEAAB200F83881 /* Build configuration list for PBXNativeTarget "instagram-api" */;
			buildPhases = (
				2CFFCA03EABCF9FC3BAAE705 /* Check Pods Manifest.lock */,
				0C9BC38E1CBEAAB200F83881 /* Sources */,
				0C9BC38F1CBEAAB200F83881 /* Frameworks */,
				0C9BC3901CBEAAB200F83881 /* Resources */,
				D3E0E4492801A9FB532E2CD3 /* Embed Pods Frameworks */,
				4B9138DC39B607131F2A57B2 /* Copy Pods Resources */,
			);
			buildRules = (
			);
			dependencies = (
			);
			name = "instagram-api";
			productName = "instagram-api";
			productReference = 0C9BC3921CBEAAB200F83881 /* instagram-api.app */;
			productType = "com.apple.product-type.application";
		};
/* End PBXNativeTarget section */

/* Begin PBXProject section */
		0C9BC38A1CBEAAB200F83881 /* Project object */ = {
			isa = PBXProject;
			attributes = {
				LastSwiftUpdateCheck = 0730;
				LastUpgradeCheck = 0730;
				ORGANIZATIONNAME = fullstack360;
				TargetAttributes = {
					0C9BC3911CBEAAB200F83881 = {
						CreatedOnToolsVersion = 7.3;
					};
				};
			};
			buildConfigurationList = 0C9BC38D1CBEAAB200F83881 /* Build configuration list for PBXProject "instagram-api" */;
			compatibilityVersion = "Xcode 3.2";
			developmentRegion = English;
			hasScannedForEncodings = 0;
			knownRegions = (
				en,
				Base,
			);
			mainGroup = 0C9BC3891CBEAAB200F83881;
			productRefGroup = 0C9BC3931CBEAAB200F83881 /* Products */;
			projectDirPath = "";
			projectRoot = "";
			targets = (
				0C9BC3911CBEAAB200F83881 /* instagram-api */,
			);
		};
/* End PBXProject section */

/* Begin PBXResourcesBuildPhase section */
		0C9BC3901CBEAAB200F83881 /* Resources */ = {
			isa = PBXResourcesBuildPhase;
			buildActionMask = 2147483647;
			files = (
				0CB3D9BB1CBFFE0E007E5263 /* ribbon@2x.png in Resources */,
				0C9BC39D1CBEAAB200F83881 /* Assets.xcassets in Resources */,
			);
			runOnlyForDeploymentPostprocessing = 0;
		};
/* End PBXResourcesBuildPhase section */

/* Begin PBXShellScriptBuildPhase section */
		2CFFCA03EABCF9FC3BAAE705 /* Check Pods Manifest.lock */ = {
			isa = PBXShellScriptBuildPhase;
			buildActionMask = 2147483647;
			files = (
			);
			inputPaths = (
			);
			name = "Check Pods Manifest.lock";
			outputPaths = (
			);
			runOnlyForDeploymentPostprocessing = 0;
			shellPath = /bin/sh;
			shellScript = "diff \"${PODS_ROOT}/../Podfile.lock\" \"${PODS_ROOT}/Manifest.lock\" > /dev/null\nif [[ $? != 0 ]] ; then\n    cat << EOM\nerror: The sandbox is not in sync with the Podfile.lock. Run 'pod install' or update your CocoaPods installation.\nEOM\n    exit 1\nfi\n";
			showEnvVarsInLog = 0;
		};
		4B9138DC39B607131F2A57B2 /* Copy Pods Resources */ = {
			isa = PBXShellScriptBuildPhase;
			buildActionMask = 2147483647;
			files = (
			);
			inputPaths = (
			);
			name = "Copy Pods Resources";
			outputPaths = (
			);
			runOnlyForDeploymentPostprocessing = 0;
			shellPath = /bin/sh;
			shellScript = "\"${SRCROOT}/Pods/Target Support Files/Pods-instagram-api/Pods-instagram-api-resources.sh\"\n";
			showEnvVarsInLog = 0;
		};
		D3E0E4492801A9FB532E2CD3 /* Embed Pods Frameworks */ = {
			isa = PBXShellScriptBuildPhase;
			buildActionMask = 2147483647;
			files = (
			);
			inputPaths = (
			);
			name = "Embed Pods Frameworks";
			outputPaths = (
			);
			runOnlyForDeploymentPostprocessing = 0;
			shellPath = /bin/sh;
			shellScript = "\"${SRCROOT}/Pods/Target Support Files/Pods-instagram-api/Pods-instagram-api-frameworks.sh\"\n";
			showEnvVarsInLog = 0;
		};
/* End PBXShellScriptBuildPhase section */

/* Begin PBXSourcesBuildPhase section */
		0C9BC38E1CBEAAB200F83881 /* Sources */ = {
			isa = PBXSourcesBuildPhase;
			buildActionMask = 2147483647;
			files = (
				0C9BC3AA1CBEAB3F00F83881 /* IGViewController.swift in Sources */,
				0C8FD8701CBFED7B00B23A6F /* IGItemViewController.swift in Sources */,
				0C9BC3961CBEAAB200F83881 /* AppDelegate.swift in Sources */,
				0C8FD86E1CBFCCC900B23A6F /* IGItem.swift in Sources */,
				0C9BC3AC1CBEAB6000F83881 /* IGFeedViewController.swift in Sources */,
			);
			runOnlyForDeploymentPostprocessing = 0;
		};
/* End PBXSourcesBuildPhase section */

/* Begin XCBuildConfiguration section */
		0C9BC3A21CBEAAB200F83881 /* Debug */ = {
			isa = XCBuildConfiguration;
			buildSettings = {
				ALWAYS_SEARCH_USER_PATHS = NO;
				CLANG_ANALYZER_NONNULL = YES;
				CLANG_CXX_LANGUAGE_STANDARD = "gnu++0x";
				CLANG_CXX_LIBRARY = "libc++";
				CLANG_ENABLE_MODULES = YES;
				CLANG_ENABLE_OBJC_ARC = YES;
				CLANG_WARN_BOOL_CONVERSION = YES;
				CLANG_WARN_CONSTANT_CONVERSION = YES;
				CLANG_WARN_DIRECT_OBJC_ISA_USAGE = YES_ERROR;
				CLANG_WARN_EMPTY_BODY = YES;
				CLANG_WARN_ENUM_CONVERSION = YES;
				CLANG_WARN_INT_CONVERSION = YES;
				CLANG_WARN_OBJC_ROOT_CLASS = YES_ERROR;
				CLANG_WARN_UNREACHABLE_CODE = YES;
				CLANG_WARN__DUPLICATE_METHOD_MATCH = YES;
				"CODE_SIGN_IDENTITY[sdk=iphoneos*]" = "iPhone Developer";
				COPY_PHASE_STRIP = NO;
				DEBUG_INFORMATION_FORMAT = dwarf;
				ENABLE_STRICT_OBJC_MSGSEND = YES;
				ENABLE_TESTABILITY = YES;
				GCC_C_LANGUAGE_STANDARD = gnu99;
				GCC_DYNAMIC_NO_PIC = NO;
				GCC_NO_COMMON_BLOCKS = YES;
				GCC_OPTIMIZATION_LEVEL = 0;
				GCC_PREPROCESSOR_DEFINITIONS = (
					"DEBUG=1",
					"$(inherited)",
				);
				GCC_WARN_64_TO_32_BIT_CONVERSION = YES;
				GCC_WARN_ABOUT_RETURN_TYPE = YES_ERROR;
				GCC_WARN_UNDECLARED_SELECTOR = YES;
				GCC_WARN_UNINITIALIZED_AUTOS = YES_AGGRESSIVE;
				GCC_WARN_UNUSED_FUNCTION = YES;
				GCC_WARN_UNUSED_VARIABLE = YES;
				IPHONEOS_DEPLOYMENT_TARGET = 9.3;
				MTL_ENABLE_DEBUG_INFO = YES;
				ONLY_ACTIVE_ARCH = YES;
				SDKROOT = iphoneos;
				SWIFT_OPTIMIZATION_LEVEL = "-Onone";
			};
			name = Debug;
		};
		0C9BC3A31CBEAAB200F83881 /* Release */ = {
			isa = XCBuildConfiguration;
			buildSettings = {
				ALWAYS_SEARCH_USER_PATHS = NO;
				CLANG_ANALYZER_NONNULL = YES;
				CLANG_CXX_LANGUAGE_STANDARD = "gnu++0x";
				CLANG_CXX_LIBRARY = "libc++";
				CLANG_ENABLE_MODULES = YES;
				CLANG_ENABLE_OBJC_ARC = YES;
				CLANG_WARN_BOOL_CONVERSION = YES;
				CLANG_WARN_CONSTANT_CONVERSION = YES;
				CLANG_WARN_DIRECT_OBJC_ISA_USAGE = YES_ERROR;
				CLANG_WARN_EMPTY_BODY = YES;
				CLANG_WARN_ENUM_CONVERSION = YES;
				CLANG_WARN_INT_CONVERSION = YES;
				CLANG_WARN_OBJC_ROOT_CLASS = YES_ERROR;
				CLANG_WARN_UNREACHABLE_CODE = YES;
				CLANG_WARN__DUPLICATE_METHOD_MATCH = YES;
				"CODE_SIGN_IDENTITY[sdk=iphoneos*]" = "iPhone Developer";
				COPY_PHASE_STRIP = NO;
				DEBUG_INFORMATION_FORMAT = "dwarf-with-dsym";
				ENABLE_NS_ASSERTIONS = NO;
				ENABLE_STRICT_OBJC_MSGSEND = YES;
				GCC_C_LANGUAGE_STANDARD = gnu99;
				GCC_NO_COMMON_BLOCKS = YES;
				GCC_WARN_64_TO_32_BIT_CONVERSION = YES;
				GCC_WARN_ABOUT_RETURN_TYPE = YES_ERROR;
				GCC_WARN_UNDECLARED_SELECTOR = YES;
				GCC_WARN_UNINITIALIZED_AUTOS = YES_AGGRESSIVE;
				GCC_WARN_UNUSED_FUNCTION = YES;
				GCC_WARN_UNUSED_VARIABLE = YES;
				IPHONEOS_DEPLOYMENT_TARGET = 9.3;
				MTL_ENABLE_DEBUG_INFO = NO;
				SDKROOT = iphoneos;
				VALIDATE_PRODUCT = YES;
			};
			name = Release;
		};
		0C9BC3A51CBEAAB200F83881 /* Debug */ = {
			isa = XCBuildConfiguration;
			baseConfigurationReference = 70F82E27BF07699D38E77728 /* Pods-instagram-api.debug.xcconfig */;
			buildSettings = {
				ASSETCATALOG_COMPILER_APPICON_NAME = AppIcon;
				INFOPLIST_FILE = "instagram-api/Info.plist";
				LD_RUNPATH_SEARCH_PATHS = "$(inherited) @executable_path/Frameworks";
				PRODUCT_BUNDLE_IDENTIFIER = "com.fullstack360.instagram-api";
				PRODUCT_NAME = "$(TARGET_NAME)";
			};
			name = Debug;
		};
		0C9BC3A61CBEAAB200F83881 /* Release */ = {
			isa = XCBuildConfiguration;
			baseConfigurationReference = 0A0B477B4B992520B65D1493 /* Pods-instagram-api.release.xcconfig */;
			buildSettings = {
				ASSETCATALOG_COMPILER_APPICON_NAME = AppIcon;
				INFOPLIST_FILE = "instagram-api/Info.plist";
				LD_RUNPATH_SEARCH_PATHS = "$(inherited) @executable_path/Frameworks";
				PRODUCT_BUNDLE_IDENTIFIER = "com.fullstack360.instagram-api";
				PRODUCT_NAME = "$(TARGET_NAME)";
			};
			name = Release;
		};
/* End XCBuildConfiguration section */

/* Begin XCConfigurationList section */
		0C9BC38D1CBEAAB200F83881 /* Build configuration list for PBXProject "instagram-api" */ = {
			isa = XCConfigurationList;
			buildConfigurations = (
				0C9BC3A21CBEAAB200F83881 /* Debug */,
				0C9BC3A31CBEAAB200F83881 /* Release */,
			);
			defaultConfigurationIsVisible = 0;
			defaultConfigurationName = Release;
		};
		0C9BC3A41CBEAAB200F83881 /* Build configuration list for PBXNativeTarget "instagram-api" */ = {
			isa = XCConfigurationList;
			buildConfigurations = (
				0C9BC3A51CBEAAB200F83881 /* Debug */,
				0C9BC3A61CBEAAB200F83881 /* Release */,
			);
			defaultConfigurationIsVisible = 0;
			defaultConfigurationName = Release;
		};
/* End XCConfigurationList section */
	};
	rootObject = 0C9BC38A1CBEAAB200F83881 /* Project object */;
}
